
Microsoft Visual Studio Solution File, Format Version 12.00
# Visual Studio Version 17
VisualStudioVersion = 17.2.32630.192
MinimumVisualStudioVersion = 10.0.40219.1
Project("{FAE04EC0-301F-11D3-BF4B-00C04F79EFBC}") = "HandsOnTest.DAL", "HandsOnTest.DAL\HandsOnTest.DAL.csproj", "{946D6623-78C7-4864-BF40-1DF10CFC579C}"
EndProject
Project("{FAE04EC0-301F-11D3-BF4B-00C04F79EFBC}") = "HandsOnTest.UI", "HandsOnTest.UI\HandsOnTest.UI.csproj", "{CDEE30D4-FD80-4080-BA5B-BE1336EEB0A5}"
EndProject
Project("{FAE04EC0-301F-11D3-BF4B-00C04F79EFBC}") = "HandsOnTest.BLL", "HandsOnTest.BLL\HandsOnTest.BLL.csproj", "{A1C7E87E-69BF-4FFA-A60D-0BFAB3228A8C}"
EndProject
Global
	GlobalSection(SolutionConfigurationPlatforms) = preSolution
		Debug|Any CPU = Debug|Any CPU
		Release|Any CPU = Release|Any CPU
	EndGlobalSection
	GlobalSection(ProjectConfigurationPlatforms) = postSolution
		{946D6623-78C7-4864-BF40-1DF10CFC579C}.Debug|Any CPU.ActiveCfg = Debug|Any CPU
		{946D6623-78C7-4864-BF40-1DF10CFC579C}.Debug|Any CPU.Build.0 = Debug|Any CPU
		{946D6623-78C7-4864-BF40-1DF10CFC579C}.Release|Any CPU.ActiveCfg = Release|Any CPU
		{946D6623-78C7-4864-BF40-1DF10CFC579C}.Release|Any CPU.Build.0 = Release|Any CPU
		{CDEE30D4-FD80-4080-BA5B-BE1336EEB0A5}.Debug|Any CPU.ActiveCfg = Debug|Any CPU
		{CDEE30D4-FD80-4080-BA5B-BE1336EEB0A5}.Debug|Any CPU.Build.0 = Debug|Any CPU
		{CDEE30D4-FD80-4080-BA5B-BE1336EEB0A5}.Release|Any CPU.ActiveCfg = Release|Any CPU
		{CDEE30D4-FD80-4080-BA5B-BE1336EEB0A5}.Release|Any CPU.Build.0 = Release|Any CPU
		{A1C7E87E-69BF-4FFA-A60D-0BFAB3228A8C}.Debug|Any CPU.ActiveCfg = Debug|Any CPU
		{A1C7E87E-69BF-4FFA-A60D-0BFAB3228A8C}.Debug|Any CPU.Build.0 = Debug|Any CPU
		{A1C7E87E-69BF-4FFA-A60D-0BFAB3228A8C}.Release|Any CPU.ActiveCfg = Release|Any CPU
		{A1C7E87E-69BF-4FFA-A60D-0BFAB3228A8C}.Release|Any CPU.Build.0 = Release|Any CPU
	EndGlobalSection
	GlobalSection(SolutionProperties) = preSolution
		HideSolutionNode = FALSE
	EndGlobalSection
	GlobalSection(ExtensibilityGlobals) = postSolution
		SolutionGuid = {50D64117-425E-486E-B5BD-9145EE28B64F}
	EndGlobalSection
EndGlobal
